
Microsoft Visual Studio Solution File, Format Version 12.00
# Visual Studio Version 16
VisualStudioVersion = 16.0.31729.503
MinimumVisualStudioVersion = 10.0.40219.1
Project("{FAE04EC0-301F-11D3-BF4B-00C04F79EFBC}") = "Calculadora221115.Android", "Calculadora221115.Android\Calculadora221115.Android.csproj", "{617D2309-6053-4E30-8796-8711A738C5B4}"
EndProject
Project("{FAE04EC0-301F-11D3-BF4B-00C04F79EFBC}") = "Calculadora221115", "Calculadora221115\Calculadora221115.csproj", "{922EE590-61B4-4C15-B080-5E350ACEBE30}"
EndProject
Global
	GlobalSection(SolutionConfigurationPlatforms) = preSolution
		Debug|Any CPU = Debug|Any CPU
		Release|Any CPU = Release|Any CPU
	EndGlobalSection
	GlobalSection(ProjectConfigurationPlatforms) = postSolution
		{617D2309-6053-4E30-8796-8711A738C5B4}.Debug|Any CPU.ActiveCfg = Debug|Any CPU
		{617D2309-6053-4E30-8796-8711A738C5B4}.Debug|Any CPU.Build.0 = Debug|Any CPU
		{617D2309-6053-4E30-8796-8711A738C5B4}.Debug|Any CPU.Deploy.0 = Debug|Any CPU
		{617D2309-6053-4E30-8796-8711A738C5B4}.Release|Any CPU.ActiveCfg = Release|Any CPU
		{617D2309-6053-4E30-8796-8711A738C5B4}.Release|Any CPU.Build.0 = Release|Any CPU
		{617D2309-6053-4E30-8796-8711A738C5B4}.Release|Any CPU.Deploy.0 = Release|Any CPU
		{922EE590-61B4-4C15-B080-5E350ACEBE30}.Debug|Any CPU.ActiveCfg = Debug|Any CPU
		{922EE590-61B4-4C15-B080-5E350ACEBE30}.Debug|Any CPU.Build.0 = Debug|Any CPU
		{922EE590-61B4-4C15-B080-5E350ACEBE30}.Debug|Any CPU.Deploy.0 = Debug|Any CPU
		{922EE590-61B4-4C15-B080-5E350ACEBE30}.Release|Any CPU.ActiveCfg = Release|Any CPU
		{922EE590-61B4-4C15-B080-5E350ACEBE30}.Release|Any CPU.Build.0 = Release|Any CPU
		{922EE590-61B4-4C15-B080-5E350ACEBE30}.Release|Any CPU.Deploy.0 = Release|Any CPU
	EndGlobalSection
	GlobalSection(SolutionProperties) = preSolution
		HideSolutionNode = FALSE
	EndGlobalSection
	GlobalSection(ExtensibilityGlobals) = postSolution
		SolutionGuid = {4F577E66-E7AA-49B2-806D-9F02FBFC7008}
	EndGlobalSection
EndGlobal
